
Microsoft Visual Studio Solution File, Format Version 12.00
# Visual Studio Version 17
VisualStudioVersion = 17.8.34525.116
MinimumVisualStudioVersion = 10.0.40219.1
Project("{FAE04EC0-301F-11D3-BF4B-00C04F79EFBC}") = "LR_13_1", "LR_13_1.csproj", "{A27C7832-D93A-4F66-B37C-049396688792}"
EndProject
Global
	GlobalSection(SolutionConfigurationPlatforms) = preSolution
		Debug|Any CPU = Debug|Any CPU
		Release|Any CPU = Release|Any CPU
	EndGlobalSection
	GlobalSection(ProjectConfigurationPlatforms) = postSolution
		{A27C7832-D93A-4F66-B37C-049396688792}.Debug|Any CPU.ActiveCfg = Debug|Any CPU
		{A27C7832-D93A-4F66-B37C-049396688792}.Debug|Any CPU.Build.0 = Debug|Any CPU
		{A27C7832-D93A-4F66-B37C-049396688792}.Release|Any CPU.ActiveCfg = Release|Any CPU
		{A27C7832-D93A-4F66-B37C-049396688792}.Release|Any CPU.Build.0 = Release|Any CPU
	EndGlobalSection
	GlobalSection(SolutionProperties) = preSolution
		HideSolutionNode = FALSE
	EndGlobalSection
	GlobalSection(ExtensibilityGlobals) = postSolution
		SolutionGuid = {E6807862-8D0F-42BB-BB3A-E542A328EEBE}
	EndGlobalSection
EndGlobal
